
Microsoft Visual Studio Solution File, Format Version 12.00
# Visual Studio Version 16
VisualStudioVersion = 16.0.30621.155
MinimumVisualStudioVersion = 10.0.40219.1
Project("{FAE04EC0-301F-11D3-BF4B-00C04F79EFBC}") = "Probleme cu secvente", "Probleme cu secvente.csproj", "{7C26A8E1-B61A-4C5F-AE23-2321C1FF7450}"
EndProject
Global
	GlobalSection(SolutionConfigurationPlatforms) = preSolution
		Debug|Any CPU = Debug|Any CPU
		Release|Any CPU = Release|Any CPU
	EndGlobalSection
	GlobalSection(ProjectConfigurationPlatforms) = postSolution
		{7C26A8E1-B61A-4C5F-AE23-2321C1FF7450}.Debug|Any CPU.ActiveCfg = Debug|Any CPU
		{7C26A8E1-B61A-4C5F-AE23-2321C1FF7450}.Debug|Any CPU.Build.0 = Debug|Any CPU
		{7C26A8E1-B61A-4C5F-AE23-2321C1FF7450}.Release|Any CPU.ActiveCfg = Release|Any CPU
		{7C26A8E1-B61A-4C5F-AE23-2321C1FF7450}.Release|Any CPU.Build.0 = Release|Any CPU
	EndGlobalSection
	GlobalSection(SolutionProperties) = preSolution
		HideSolutionNode = FALSE
	EndGlobalSection
	GlobalSection(ExtensibilityGlobals) = postSolution
		SolutionGuid = {F1CA0199-7C3E-4739-AB4D-A19135C11A71}
	EndGlobalSection
EndGlobal
